
Microsoft Visual Studio Solution File, Format Version 12.00
# Visual Studio Version 17
VisualStudioVersion = 17.9.34714.143
MinimumVisualStudioVersion = 10.0.40219.1
Project("{9A19103F-16F7-4668-BE54-9A1E7A4F7556}") = "Domain", "Interfaces\Domain.csproj", "{E2C90B26-FAF5-4E97-8B71-E7F14A181A1F}"
EndProject
Project("{9A19103F-16F7-4668-BE54-9A1E7A4F7556}") = "Application", "Services\Application.csproj", "{7071A2A6-152C-4294-880C-EE3782EB3DA1}"
EndProject
Project("{9A19103F-16F7-4668-BE54-9A1E7A4F7556}") = "StocksApp", "StocksApp\StocksApp.csproj", "{E272B562-1E8D-430C-B441-49FC0C0DFE31}"
EndProject
Project("{9A19103F-16F7-4668-BE54-9A1E7A4F7556}") = "Infrastructure", "Models\Infrastructure.csproj", "{83393288-F608-4870-BA38-BA6CF5352675}"
	ProjectSection(ProjectDependencies) = postProject
		{E2C90B26-FAF5-4E97-8B71-E7F14A181A1F} = {E2C90B26-FAF5-4E97-8B71-E7F14A181A1F}
	EndProjectSection
EndProject
Project("{9A19103F-16F7-4668-BE54-9A1E7A4F7556}") = "StocksApplicationTest", "StocksApplicationTest\StocksApplicationTest.csproj", "{A1FF0B45-5E44-4D89-B98B-7AA98447F350}"
EndProject
Global
	GlobalSection(SolutionConfigurationPlatforms) = preSolution
		Debug|Any CPU = Debug|Any CPU
		Release|Any CPU = Release|Any CPU
	EndGlobalSection
	GlobalSection(ProjectConfigurationPlatforms) = postSolution
		{E2C90B26-FAF5-4E97-8B71-E7F14A181A1F}.Debug|Any CPU.ActiveCfg = Debug|Any CPU
		{E2C90B26-FAF5-4E97-8B71-E7F14A181A1F}.Debug|Any CPU.Build.0 = Debug|Any CPU
		{E2C90B26-FAF5-4E97-8B71-E7F14A181A1F}.Release|Any CPU.ActiveCfg = Release|Any CPU
		{E2C90B26-FAF5-4E97-8B71-E7F14A181A1F}.Release|Any CPU.Build.0 = Release|Any CPU
		{7071A2A6-152C-4294-880C-EE3782EB3DA1}.Debug|Any CPU.ActiveCfg = Debug|Any CPU
		{7071A2A6-152C-4294-880C-EE3782EB3DA1}.Debug|Any CPU.Build.0 = Debug|Any CPU
		{7071A2A6-152C-4294-880C-EE3782EB3DA1}.Release|Any CPU.ActiveCfg = Release|Any CPU
		{7071A2A6-152C-4294-880C-EE3782EB3DA1}.Release|Any CPU.Build.0 = Release|Any CPU
		{E272B562-1E8D-430C-B441-49FC0C0DFE31}.Debug|Any CPU.ActiveCfg = Debug|Any CPU
		{E272B562-1E8D-430C-B441-49FC0C0DFE31}.Debug|Any CPU.Build.0 = Debug|Any CPU
		{E272B562-1E8D-430C-B441-49FC0C0DFE31}.Release|Any CPU.ActiveCfg = Release|Any CPU
		{E272B562-1E8D-430C-B441-49FC0C0DFE31}.Release|Any CPU.Build.0 = Release|Any CPU
		{83393288-F608-4870-BA38-BA6CF5352675}.Debug|Any CPU.ActiveCfg = Debug|Any CPU
		{83393288-F608-4870-BA38-BA6CF5352675}.Debug|Any CPU.Build.0 = Debug|Any CPU
		{83393288-F608-4870-BA38-BA6CF5352675}.Release|Any CPU.ActiveCfg = Release|Any CPU
		{83393288-F608-4870-BA38-BA6CF5352675}.Release|Any CPU.Build.0 = Release|Any CPU
		{A1FF0B45-5E44-4D89-B98B-7AA98447F350}.Debug|Any CPU.ActiveCfg = Debug|Any CPU
		{A1FF0B45-5E44-4D89-B98B-7AA98447F350}.Debug|Any CPU.Build.0 = Debug|Any CPU
		{A1FF0B45-5E44-4D89-B98B-7AA98447F350}.Release|Any CPU.ActiveCfg = Release|Any CPU
		{A1FF0B45-5E44-4D89-B98B-7AA98447F350}.Release|Any CPU.Build.0 = Release|Any CPU
	EndGlobalSection
	GlobalSection(SolutionProperties) = preSolution
		HideSolutionNode = FALSE
	EndGlobalSection
	GlobalSection(ExtensibilityGlobals) = postSolution
		SolutionGuid = {D847F348-2C9E-42D5-9713-A63C72CF90EC}
	EndGlobalSection
EndGlobal
